
Microsoft Visual Studio Solution File, Format Version 12.00
# Visual Studio Version 17
VisualStudioVersion = 17.3.32901.215
MinimumVisualStudioVersion = 10.0.40219.1
Project("{FAE04EC0-301F-11D3-BF4B-00C04F79EFBC}") = "Week4Loops", "Week4Loops\Week4Loops.csproj", "{C290E914-DFB5-442C-9BBA-EC2B56D20DF6}"
EndProject
Project("{FAE04EC0-301F-11D3-BF4B-00C04F79EFBC}") = "ForLoopSum", "ForLoopSum\ForLoopSum.csproj", "{01D55144-CB18-4337-AB6F-57B90340E38D}"
EndProject
Project("{FAE04EC0-301F-11D3-BF4B-00C04F79EFBC}") = "RandomNumber", "RandomNumber\RandomNumber.csproj", "{B0471F70-CE49-41C3-8D53-C8ABE18A913B}"
EndProject
Project("{FAE04EC0-301F-11D3-BF4B-00C04F79EFBC}") = "WhileLoops", "WhileLoops\WhileLoops.csproj", "{B09E1C67-8823-4D30-9C4A-E8C4A260B58F}"
EndProject
Global
	GlobalSection(SolutionConfigurationPlatforms) = preSolution
		Debug|Any CPU = Debug|Any CPU
		Release|Any CPU = Release|Any CPU
	EndGlobalSection
	GlobalSection(ProjectConfigurationPlatforms) = postSolution
		{C290E914-DFB5-442C-9BBA-EC2B56D20DF6}.Debug|Any CPU.ActiveCfg = Debug|Any CPU
		{C290E914-DFB5-442C-9BBA-EC2B56D20DF6}.Debug|Any CPU.Build.0 = Debug|Any CPU
		{C290E914-DFB5-442C-9BBA-EC2B56D20DF6}.Release|Any CPU.ActiveCfg = Release|Any CPU
		{C290E914-DFB5-442C-9BBA-EC2B56D20DF6}.Release|Any CPU.Build.0 = Release|Any CPU
		{01D55144-CB18-4337-AB6F-57B90340E38D}.Debug|Any CPU.ActiveCfg = Debug|Any CPU
		{01D55144-CB18-4337-AB6F-57B90340E38D}.Debug|Any CPU.Build.0 = Debug|Any CPU
		{01D55144-CB18-4337-AB6F-57B90340E38D}.Release|Any CPU.ActiveCfg = Release|Any CPU
		{01D55144-CB18-4337-AB6F-57B90340E38D}.Release|Any CPU.Build.0 = Release|Any CPU
		{B0471F70-CE49-41C3-8D53-C8ABE18A913B}.Debug|Any CPU.ActiveCfg = Debug|Any CPU
		{B0471F70-CE49-41C3-8D53-C8ABE18A913B}.Debug|Any CPU.Build.0 = Debug|Any CPU
		{B0471F70-CE49-41C3-8D53-C8ABE18A913B}.Release|Any CPU.ActiveCfg = Release|Any CPU
		{B0471F70-CE49-41C3-8D53-C8ABE18A913B}.Release|Any CPU.Build.0 = Release|Any CPU
		{B09E1C67-8823-4D30-9C4A-E8C4A260B58F}.Debug|Any CPU.ActiveCfg = Debug|Any CPU
		{B09E1C67-8823-4D30-9C4A-E8C4A260B58F}.Debug|Any CPU.Build.0 = Debug|Any CPU
		{B09E1C67-8823-4D30-9C4A-E8C4A260B58F}.Release|Any CPU.ActiveCfg = Release|Any CPU
		{B09E1C67-8823-4D30-9C4A-E8C4A260B58F}.Release|Any CPU.Build.0 = Release|Any CPU
	EndGlobalSection
	GlobalSection(SolutionProperties) = preSolution
		HideSolutionNode = FALSE
	EndGlobalSection
	GlobalSection(ExtensibilityGlobals) = postSolution
		SolutionGuid = {BAC0C156-DDA7-40FA-A3F0-C86241F6BAC5}
	EndGlobalSection
EndGlobal
